
Microsoft Visual Studio Solution File, Format Version 12.00
# Visual Studio Version 17
VisualStudioVersion = 17.0.31912.275
MinimumVisualStudioVersion = 10.0.40219.1
Project("{FAE04EC0-301F-11D3-BF4B-00C04F79EFBC}") = "Prac_1", "Prac_1\Prac_1.csproj", "{09AF27D1-CDA7-4D00-BEED-E09B68E7C95B}"
EndProject
Global
	GlobalSection(SolutionConfigurationPlatforms) = preSolution
		Debug|Any CPU = Debug|Any CPU
		Release|Any CPU = Release|Any CPU
	EndGlobalSection
	GlobalSection(ProjectConfigurationPlatforms) = postSolution
		{09AF27D1-CDA7-4D00-BEED-E09B68E7C95B}.Debug|Any CPU.ActiveCfg = Debug|Any CPU
		{09AF27D1-CDA7-4D00-BEED-E09B68E7C95B}.Debug|Any CPU.Build.0 = Debug|Any CPU
		{09AF27D1-CDA7-4D00-BEED-E09B68E7C95B}.Release|Any CPU.ActiveCfg = Release|Any CPU
		{09AF27D1-CDA7-4D00-BEED-E09B68E7C95B}.Release|Any CPU.Build.0 = Release|Any CPU
	EndGlobalSection
	GlobalSection(SolutionProperties) = preSolution
		HideSolutionNode = FALSE
	EndGlobalSection
	GlobalSection(ExtensibilityGlobals) = postSolution
		SolutionGuid = {D2811C7D-5670-43D1-BD98-E35B978FA84A}
	EndGlobalSection
EndGlobal
