
Microsoft Visual Studio Solution File, Format Version 12.00
# Visual Studio 15
VisualStudioVersion = 15.0.28307.1525
MinimumVisualStudioVersion = 10.0.40219.1
Project("{FAE04EC0-301F-11D3-BF4B-00C04F79EFBC}") = "Prac3", "Prac3.csproj", "{D6C69558-DFBE-4258-AD68-E4516AC568DB}"
EndProject
Global
	GlobalSection(SolutionConfigurationPlatforms) = preSolution
		Debug|Any CPU = Debug|Any CPU
		Release|Any CPU = Release|Any CPU
	EndGlobalSection
	GlobalSection(ProjectConfigurationPlatforms) = postSolution
		{D6C69558-DFBE-4258-AD68-E4516AC568DB}.Debug|Any CPU.ActiveCfg = Debug|Any CPU
		{D6C69558-DFBE-4258-AD68-E4516AC568DB}.Debug|Any CPU.Build.0 = Debug|Any CPU
		{D6C69558-DFBE-4258-AD68-E4516AC568DB}.Release|Any CPU.ActiveCfg = Release|Any CPU
		{D6C69558-DFBE-4258-AD68-E4516AC568DB}.Release|Any CPU.Build.0 = Release|Any CPU
	EndGlobalSection
	GlobalSection(SolutionProperties) = preSolution
		HideSolutionNode = FALSE
	EndGlobalSection
	GlobalSection(ExtensibilityGlobals) = postSolution
		SolutionGuid = {3B6AF6C7-C451-4B20-BC55-06C73610A07C}
	EndGlobalSection
EndGlobal
